// !$*UTF8*$!
{
	archiveVersion = 1;
	classes = {
	};
	objectVersion = 56;
	objects = {

/* Begin PBXBuildFile section */
		10F800742AB656E900EFF4C9 /* math_gameApp.swift in Sources */ = {isa = PBXBuildFile; fileRef = 10F800732AB656E900EFF4C9 /* math_gameApp.swift */; };
		10F800762AB656E900EFF4C9 /* ContentView.swift in Sources */ = {isa = PBXBuildFile; fileRef = 10F800752AB656E900EFF4C9 /* ContentView.swift */; };
		10F800782AB656EA00EFF4C9 /* Assets.xcassets in Resources */ = {isa = PBXBuildFile; fileRef = 10F800772AB656EA00EFF4C9 /* Assets.xcassets */; };
		10F8007B2AB656EA00EFF4C9 /* Preview Assets.xcassets in Resources */ = {isa = PBXBuildFile; fileRef = 10F8007A2AB656EA00EFF4C9 /* Preview Assets.xcassets */; };
		10F800852AB656EA00EFF4C9 /* math_gameTests.swift in Sources */ = {isa = PBXBuildFile; fileRef = 10F800842AB656EA00EFF4C9 /* math_gameTests.swift */; };
		10F8008F2AB656EA00EFF4C9 /* math_gameUITests.swift in Sources */ = {isa = PBXBuildFile; fileRef = 10F8008E2AB656EA00EFF4C9 /* math_gameUITests.swift */; };
		10F800912AB656EA00EFF4C9 /* math_gameUITestsLaunchTests.swift in Sources */ = {isa = PBXBuildFile; fileRef = 10F800902AB656EA00EFF4C9 /* math_gameUITestsLaunchTests.swift */; };
		10F800A02AB6A59D00EFF4C9 /* GameView.swift in Sources */ = {isa = PBXBuildFile; fileRef = 10F8009F2AB6A59D00EFF4C9 /* GameView.swift */; };
		10F800A22AB6AD6A00EFF4C9 /* ScoreView.swift in Sources */ = {isa = PBXBuildFile; fileRef = 10F800A12AB6AD6A00EFF4C9 /* ScoreView.swift */; };
/* End PBXBuildFile section */

/* Begin PBXContainerItemProxy section */
		10F800812AB656EA00EFF4C9 /* PBXContainerItemProxy */ = {
			isa = PBXContainerItemProxy;
			containerPortal = 10F800682AB656E900EFF4C9 /* Project object */;
			proxyType = 1;
			remoteGlobalIDString = 10F8006F2AB656E900EFF4C9;
			remoteInfo = "math-game";
		};
		10F8008B2AB656EA00EFF4C9 /* PBXContainerItemProxy */ = {
			isa = PBXContainerItemProxy;
			containerPortal = 10F800682AB656E900EFF4C9 /* Project object */;
			proxyType = 1;
			remoteGlobalIDString = 10F8006F2AB656E900EFF4C9;
			remoteInfo = "math-game";
		};
/* End PBXContainerItemProxy section */

/* Begin PBXFileReference section */
		10F800702AB656E900EFF4C9 /* math-game.app */ = {isa = PBXFileReference; explicitFileType = wrapper.application; includeInIndex = 0; path = "math-game.app"; sourceTree = BUILT_PRODUCTS_DIR; };
		10F800732AB656E900EFF4C9 /* math_gameApp.swift */ = {isa = PBXFileReference; lastKnownFileType = sourcecode.swift; path = math_gameApp.swift; sourceTree = "<group>"; };
		10F800752AB656E900EFF4C9 /* ContentView.swift */ = {isa = PBXFileReference; lastKnownFileType = sourcecode.swift; path = ContentView.swift; sourceTree = "<group>"; };
		10F800772AB656EA00EFF4C9 /* Assets.xcassets */ = {isa = PBXFileReference; lastKnownFileType = folder.assetcatalog; path = Assets.xcassets; sourceTree = "<group>"; };
		10F8007A2AB656EA00EFF4C9 /* Preview Assets.xcassets */ = {isa = PBXFileReference; lastKnownFileType = folder.assetcatalog; path = "Preview Assets.xcassets"; sourceTree = "<group>"; };
		10F800802AB656EA00EFF4C9 /* math-gameTests.xctest */ = {isa = PBXFileReference; explicitFileType = wrapper.cfbundle; includeInIndex = 0; path = "math-gameTests.xctest"; sourceTree = BUILT_PRODUCTS_DIR; };
		10F800842AB656EA00EFF4C9 /* math_gameTests.swift */ = {isa = PBXFileReference; lastKnownFileType = sourcecode.swift; path = math_gameTests.swift; sourceTree = "<group>"; };
		10F8008A2AB656EA00EFF4C9 /* math-gameUITests.xctest */ = {isa = PBXFileReference; explicitFileType = wrapper.cfbundle; includeInIndex = 0; path = "math-gameUITests.xctest"; sourceTree = BUILT_PRODUCTS_DIR; };
		10F8008E2AB656EA00EFF4C9 /* math_gameUITests.swift */ = {isa = PBXFileReference; lastKnownFileType = sourcecode.swift; path = math_gameUITests.swift; sourceTree = "<group>"; };
		10F800902AB656EA00EFF4C9 /* math_gameUITestsLaunchTests.swift */ = {isa = PBXFileReference; lastKnownFileType = sourcecode.swift; path = math_gameUITestsLaunchTests.swift; sourceTree = "<group>"; };
		10F8009F2AB6A59D00EFF4C9 /* GameView.swift */ = {isa = PBXFileReference; lastKnownFileType = sourcecode.swift; path = GameView.swift; sourceTree = "<group>"; };
		10F800A12AB6AD6A00EFF4C9 /* ScoreView.swift */ = {isa = PBXFileReference; lastKnownFileType = sourcecode.swift; path = ScoreView.swift; sourceTree = "<group>"; };
/* End PBXFileReference section */

/* Begin PBXFrameworksBuildPhase section */
		10F8006D2AB656E900EFF4C9 /* Frameworks */ = {
			isa = PBXFrameworksBuildPhase;
			buildActionMask = 2147483647;
			files = (
			);
			runOnlyForDeploymentPostprocessing = 0;
		};
		10F8007D2AB656EA00EFF4C9 /* Frameworks */ = {
			isa = PBXFrameworksBuildPhase;
			buildActionMask = 2147483647;
			files = (
			);
			runOnlyForDeploymentPostprocessing = 0;
		};
		10F800872AB656EA00EFF4C9 /* Frameworks */ = {
			isa = PBXFrameworksBuildPhase;
			buildActionMask = 2147483647;
			files = (
			);
			runOnlyForDeploymentPostprocessing = 0;
		};
/* End PBXFrameworksBuildPhase section */

/* Begin PBXGroup section */
		10F800672AB656E900EFF4C9 = {
			isa = PBXGroup;
			children = (
				10F800722AB656E900EFF4C9 /* math-game */,
				10F800832AB656EA00EFF4C9 /* math-gameTests */,
				10F8008D2AB656EA00EFF4C9 /* math-gameUITests */,
				10F800712AB656E900EFF4C9 /* Products */,
			);
			sourceTree = "<group>";
		};
		10F800712AB656E900EFF4C9 /* Products */ = {
			isa = PBXGroup;
			children = (
				10F800702AB656E900EFF4C9 /* math-game.app */,
				10F800802AB656EA00EFF4C9 /* math-gameTests.xctest */,
				10F8008A2AB656EA00EFF4C9 /* math-gameUITests.xctest */,
			);
			name = Products;
			sourceTree = "<group>";
		};
		10F800722AB656E900EFF4C9 /* math-game */ = {
			isa = PBXGroup;
			children = (
				10F800732AB656E900EFF4C9 /* math_gameApp.swift */,
				10F800752AB656E900EFF4C9 /* ContentView.swift */,
				10F8009F2AB6A59D00EFF4C9 /* GameView.swift */,
				10F800A12AB6AD6A00EFF4C9 /* ScoreView.swift */,
				10F800772AB656EA00EFF4C9 /* Assets.xcassets */,
				10F800792AB656EA00EFF4C9 /* Preview Content */,
			);
			path = "math-game";
			sourceTree = "<group>";
		};
		10F800792AB656EA00EFF4C9 /* Preview Content */ = {
			isa = PBXGroup;
			children = (
				10F8007A2AB656EA00EFF4C9 /* Preview Assets.xcassets */,
			);
			path = "Preview Content";
			sourceTree = "<group>";
		};
		10F800832AB656EA00EFF4C9 /* math-gameTests */ = {
			isa = PBXGroup;
			children = (
				10F800842AB656EA00EFF4C9 /* math_gameTests.swift */,
			);
			path = "math-gameTests";
			sourceTree = "<group>";
		};
		10F8008D2AB656EA00EFF4C9 /* math-gameUITests */ = {
			isa = PBXGroup;
			children = (
				10F8008E2AB656EA00EFF4C9 /* math_gameUITests.swift */,
				10F800902AB656EA00EFF4C9 /* math_gameUITestsLaunchTests.swift */,
			);
			path = "math-gameUITests";
			sourceTree = "<group>";
		};
/* End PBXGroup section */

/* Begin PBXNativeTarget section */
		10F8006F2AB656E900EFF4C9 /* math-game */ = {
			isa = PBXNativeTarget;
			buildConfigurationList = 10F800942AB656EA00EFF4C9 /* Build configuration list for PBXNativeTarget "math-game" */;
			buildPhases = (
				10F8006C2AB656E900EFF4C9 /* Sources */,
				10F8006D2AB656E900EFF4C9 /* Frameworks */,
				10F8006E2AB656E900EFF4C9 /* Resources */,
			);
			buildRules = (
			);
			dependencies = (
			);
			name = "math-game";
			productName = "math-game";
			productReference = 10F800702AB656E900EFF4C9 /* math-game.app */;
			productType = "com.apple.product-type.application";
		};
		10F8007F2AB656EA00EFF4C9 /* math-gameTests */ = {
			isa = PBXNativeTarget;
			buildConfigurationList = 10F800972AB656EA00EFF4C9 /* Build configuration list for PBXNativeTarget "math-gameTests" */;
			buildPhases = (
				10F8007C2AB656EA00EFF4C9 /* Sources */,
				10F8007D2AB656EA00EFF4C9 /* Frameworks */,
				10F8007E2AB656EA00EFF4C9 /* Resources */,
			);
			buildRules = (
			);
			dependencies = (
				10F800822AB656EA00EFF4C9 /* PBXTargetDependency */,
			);
			name = "math-gameTests";
			productName = "math-gameTests";
			productReference = 10F800802AB656EA00EFF4C9 /* math-gameTests.xctest */;
			productType = "com.apple.product-type.bundle.unit-test";
		};
		10F800892AB656EA00EFF4C9 /* math-gameUITests */ = {
			isa = PBXNativeTarget;
			buildConfigurationList = 10F8009A2AB656EA00EFF4C9 /* Build configuration list for PBXNativeTarget "math-gameUITests" */;
			buildPhases = (
				10F800862AB656EA00EFF4C9 /* Sources */,
				10F800872AB656EA00EFF4C9 /* Frameworks */,
				10F800882AB656EA00EFF4C9 /* Resources */,
			);
			buildRules = (
			);
			dependencies = (
				10F8008C2AB656EA00EFF4C9 /* PBXTargetDependency */,
			);
			name = "math-gameUITests";
			productName = "math-gameUITests";
			productReference = 10F8008A2AB656EA00EFF4C9 /* math-gameUITests.xctest */;
			productType = "com.apple.product-type.bundle.ui-testing";
		};
/* End PBXNativeTarget section */

/* Begin PBXProject section */
		10F800682AB656E900EFF4C9 /* Project object */ = {
			isa = PBXProject;
			attributes = {
				BuildIndependentTargetsInParallel = 1;
				LastSwiftUpdateCheck = 1430;
				LastUpgradeCheck = 1430;
				TargetAttributes = {
					10F8006F2AB656E900EFF4C9 = {
						CreatedOnToolsVersion = 14.3.1;
					};
					10F8007F2AB656EA00EFF4C9 = {
						CreatedOnToolsVersion = 14.3.1;
						TestTargetID = 10F8006F2AB656E900EFF4C9;
					};
					10F800892AB656EA00EFF4C9 = {
						CreatedOnToolsVersion = 14.3.1;
						TestTargetID = 10F8006F2AB656E900EFF4C9;
					};
				};
			};
			buildConfigurationList = 10F8006B2AB656E900EFF4C9 /* Build configuration list for PBXProject "math-game" */;
			compatibilityVersion = "Xcode 14.0";
			developmentRegion = en;
			hasScannedForEncodings = 0;
			knownRegions = (
				en,
				Base,
			);
			mainGroup = 10F800672AB656E900EFF4C9;
			productRefGroup = 10F800712AB656E900EFF4C9 /* Products */;
			projectDirPath = "";
			projectRoot = "";
			targets = (
				10F8006F2AB656E900EFF4C9 /* math-game */,
				10F8007F2AB656EA00EFF4C9 /* math-gameTests */,
				10F800892AB656EA00EFF4C9 /* math-gameUITests */,
			);
		};
/* End PBXProject section */

/* Begin PBXResourcesBuildPhase section */
		10F8006E2AB656E900EFF4C9 /* Resources */ = {
			isa = PBXResourcesBuildPhase;
			buildActionMask = 2147483647;
			files = (
				10F8007B2AB656EA00EFF4C9 /* Preview Assets.xcassets in Resources */,
				10F800782AB656EA00EFF4C9 /* Assets.xcassets in Resources */,
			);
			runOnlyForDeploymentPostprocessing = 0;
		};
		10F8007E2AB656EA00EFF4C9 /* Resources */ = {
			isa = PBXResourcesBuildPhase;
			buildActionMask = 2147483647;
			files = (
			);
			runOnlyForDeploymentPostprocessing = 0;
		};
		10F800882AB656EA00EFF4C9 /* Resources */ = {
			isa = PBXResourcesBuildPhase;
			buildActionMask = 2147483647;
			files = (
			);
			runOnlyForDeploymentPostprocessing = 0;
		};
/* End PBXResourcesBuildPhase section */

/* Begin PBXSourcesBuildPhase section */
		10F8006C2AB656E900EFF4C9 /* Sources */ = {
			isa = PBXSourcesBuildPhase;
			buildActionMask = 2147483647;
			files = (
				10F800762AB656E900EFF4C9 /* ContentView.swift in Sources */,
				10F800A22AB6AD6A00EFF4C9 /* ScoreView.swift in Sources */,
				10F800A02AB6A59D00EFF4C9 /* GameView.swift in Sources */,
				10F800742AB656E900EFF4C9 /* math_gameApp.swift in Sources */,
			);
			runOnlyForDeploymentPostprocessing = 0;
		};
		10F8007C2AB656EA00EFF4C9 /* Sources */ = {
			isa = PBXSourcesBuildPhase;
			buildActionMask = 2147483647;
			files = (
				10F800852AB656EA00EFF4C9 /* math_gameTests.swift in Sources */,
			);
			runOnlyForDeploymentPostprocessing = 0;
		};
		10F800862AB656EA00EFF4C9 /* Sources */ = {
			isa = PBXSourcesBuildPhase;
			buildActionMask = 2147483647;
			files = (
				10F800912AB656EA00EFF4C9 /* math_gameUITestsLaunchTests.swift in Sources */,
				10F8008F2AB656EA00EFF4C9 /* math_gameUITests.swift in Sources */,
			);
			runOnlyForDeploymentPostprocessing = 0;
		};
/* End PBXSourcesBuildPhase section */

/* Begin PBXTargetDependency section */
		10F800822AB656EA00EFF4C9 /* PBXTargetDependency */ = {
			isa = PBXTargetDependency;
			target = 10F8006F2AB656E900EFF4C9 /* math-game */;
			targetProxy = 10F800812AB656EA00EFF4C9 /* PBXContainerItemProxy */;
		};
		10F8008C2AB656EA00EFF4C9 /* PBXTargetDependency */ = {
			isa = PBXTargetDependency;
			target = 10F8006F2AB656E900EFF4C9 /* math-game */;
			targetProxy = 10F8008B2AB656EA00EFF4C9 /* PBXContainerItemProxy */;
		};
/* End PBXTargetDependency section */

/* Begin XCBuildConfiguration section */
		10F800922AB656EA00EFF4C9 /* Debug */ = {
			isa = XCBuildConfiguration;
			buildSettings = {
				ALWAYS_SEARCH_USER_PATHS = NO;
				CLANG_ANALYZER_NONNULL = YES;
				CLANG_ANALYZER_NUMBER_OBJECT_CONVERSION = YES_AGGRESSIVE;
				CLANG_CXX_LANGUAGE_STANDARD = "gnu++20";
				CLANG_ENABLE_MODULES = YES;
				CLANG_ENABLE_OBJC_ARC = YES;
				CLANG_ENABLE_OBJC_WEAK = YES;
				CLANG_WARN_BLOCK_CAPTURE_AUTORELEASING = YES;
				CLANG_WARN_BOOL_CONVERSION = YES;
				CLANG_WARN_COMMA = YES;
				CLANG_WARN_CONSTANT_CONVERSION = YES;
				CLANG_WARN_DEPRECATED_OBJC_IMPLEMENTATIONS = YES;
				CLANG_WARN_DIRECT_OBJC_ISA_USAGE = YES_ERROR;
				CLANG_WARN_DOCUMENTATION_COMMENTS = YES;
				CLANG_WARN_EMPTY_BODY = YES;
				CLANG_WARN_ENUM_CONVERSION = YES;
				CLANG_WARN_INFINITE_RECURSION = YES;
				CLANG_WARN_INT_CONVERSION = YES;
				CLANG_WARN_NON_LITERAL_NULL_CONVERSION = YES;
				CLANG_WARN_OBJC_IMPLICIT_RETAIN_SELF = YES;
				CLANG_WARN_OBJC_LITERAL_CONVERSION = YES;
				CLANG_WARN_OBJC_ROOT_CLASS = YES_ERROR;
				CLANG_WARN_QUOTED_INCLUDE_IN_FRAMEWORK_HEADER = YES;
				CLANG_WARN_RANGE_LOOP_ANALYSIS = YES;
				CLANG_WARN_STRICT_PROTOTYPES = YES;
				CLANG_WARN_SUSPICIOUS_MOVE = YES;
				CLANG_WARN_UNGUARDED_AVAILABILITY = YES_AGGRESSIVE;
				CLANG_WARN_UNREACHABLE_CODE = YES;
				CLANG_WARN__DUPLICATE_METHOD_MATCH = YES;
				COPY_PHASE_STRIP = NO;
				DEBUG_INFORMATION_FORMAT = dwarf;
				ENABLE_STRICT_OBJC_MSGSEND = YES;
				ENABLE_TESTABILITY = YES;
				GCC_C_LANGUAGE_STANDARD = gnu11;
				GCC_DYNAMIC_NO_PIC = NO;
				GCC_NO_COMMON_BLOCKS = YES;
				GCC_OPTIMIZATION_LEVEL = 0;
				GCC_PREPROCESSOR_DEFINITIONS = (
					"DEBUG=1",
					"$(inherited)",
				);
				GCC_WARN_64_TO_32_BIT_CONVERSION = YES;
				GCC_WARN_ABOUT_RETURN_TYPE = YES_ERROR;
				GCC_WARN_UNDECLARED_SELECTOR = YES;
				GCC_WARN_UNINITIALIZED_AUTOS = YES_AGGRESSIVE;
				GCC_WARN_UNUSED_FUNCTION = YES;
				GCC_WARN_UNUSED_VARIABLE = YES;
				IPHONEOS_DEPLOYMENT_TARGET = 16.4;
				MTL_ENABLE_DEBUG_INFO = INCLUDE_SOURCE;
				MTL_FAST_MATH = YES;
				ONLY_ACTIVE_ARCH = YES;
				SDKROOT = iphoneos;
				SWIFT_ACTIVE_COMPILATION_CONDITIONS = DEBUG;
				SWIFT_OPTIMIZATION_LEVEL = "-Onone";
			};
			name = Debug;
		};
		10F800932AB656EA00EFF4C9 /* Release */ = {
			isa = XCBuildConfiguration;
			buildSettings = {
				ALWAYS_SEARCH_USER_PATHS = NO;
				CLANG_ANALYZER_NONNULL = YES;
				CLANG_ANALYZER_NUMBER_OBJECT_CONVERSION = YES_AGGRESSIVE;
				CLANG_CXX_LANGUAGE_STANDARD = "gnu++20";
				CLANG_ENABLE_MODULES = YES;
				CLANG_ENABLE_OBJC_ARC = YES;
				CLANG_ENABLE_OBJC_WEAK = YES;
				CLANG_WARN_BLOCK_CAPTURE_AUTORELEASING = YES;
				CLANG_WARN_BOOL_CONVERSION = YES;
				CLANG_WARN_COMMA = YES;
				CLANG_WARN_CONSTANT_CONVERSION = YES;
				CLANG_WARN_DEPRECATED_OBJC_IMPLEMENTATIONS = YES;
				CLANG_WARN_DIRECT_OBJC_ISA_USAGE = YES_ERROR;
				CLANG_WARN_DOCUMENTATION_COMMENTS = YES;
				CLANG_WARN_EMPTY_BODY = YES;
				CLANG_WARN_ENUM_CONVERSION = YES;
				CLANG_WARN_INFINITE_RECURSION = YES;
				CLANG_WARN_INT_CONVERSION = YES;
				CLANG_WARN_NON_LITERAL_NULL_CONVERSION = YES;
				CLANG_WARN_OBJC_IMPLICIT_RETAIN_SELF = YES;
				CLANG_WARN_OBJC_LITERAL_CONVERSION = YES;
				CLANG_WARN_OBJC_ROOT_CLASS = YES_ERROR;
				CLANG_WARN_QUOTED_INCLUDE_IN_FRAMEWORK_HEADER = YES;
				CLANG_WARN_RANGE_LOOP_ANALYSIS = YES;
				CLANG_WARN_STRICT_PROTOTYPES = YES;
				CLANG_WARN_SUSPICIOUS_MOVE = YES;
				CLANG_WARN_UNGUARDED_AVAILABILITY = YES_AGGRESSIVE;
				CLANG_WARN_UNREACHABLE_CODE = YES;
				CLANG_WARN__DUPLICATE_METHOD_MATCH = YES;
				COPY_PHASE_STRIP = NO;
				DEBUG_INFORMATION_FORMAT = "dwarf-with-dsym";
				ENABLE_NS_ASSERTIONS = NO;
				ENABLE_STRICT_OBJC_MSGSEND = YES;
				GCC_C_LANGUAGE_STANDARD = gnu11;
				GCC_NO_COMMON_BLOCKS = YES;
				GCC_WARN_64_TO_32_BIT_CONVERSION = YES;
				GCC_WARN_ABOUT_RETURN_TYPE = YES_ERROR;
				GCC_WARN_UNDECLARED_SELECTOR = YES;
				GCC_WARN_UNINITIALIZED_AUTOS = YES_AGGRESSIVE;
				GCC_WARN_UNUSED_FUNCTION = YES;
				GCC_WARN_UNUSED_VARIABLE = YES;
				IPHONEOS_DEPLOYMENT_TARGET = 16.4;
				MTL_ENABLE_DEBUG_INFO = NO;
				MTL_FAST_MATH = YES;
				SDKROOT = iphoneos;
				SWIFT_COMPILATION_MODE = wholemodule;
				SWIFT_OPTIMIZATION_LEVEL = "-O";
				VALIDATE_PRODUCT = YES;
			};
			name = Release;
		};
		10F800952AB656EA00EFF4C9 /* Debug */ = {
			isa = XCBuildConfiguration;
			buildSettings = {
				ASSETCATALOG_COMPILER_APPICON_NAME = AppIcon;
				ASSETCATALOG_COMPILER_GLOBAL_ACCENT_COLOR_NAME = AccentColor;
				CODE_SIGN_IDENTITY = "Apple Development";
				CODE_SIGN_STYLE = Automatic;
				CURRENT_PROJECT_VERSION = 1;
				DEVELOPMENT_ASSET_PATHS = "\"math-game/Preview Content\"";
				DEVELOPMENT_TEAM = M55Z7B4LB3;
				ENABLE_PREVIEWS = YES;
				GENERATE_INFOPLIST_FILE = YES;
				INFOPLIST_KEY_CFBundleDisplayName = Zetamac;
				INFOPLIST_KEY_LSApplicationCategoryType = "public.app-category.games";
				INFOPLIST_KEY_UIApplicationSceneManifest_Generation = YES;
				INFOPLIST_KEY_UIApplicationSupportsIndirectInputEvents = YES;
				INFOPLIST_KEY_UILaunchScreen_Generation = YES;
				INFOPLIST_KEY_UISupportedInterfaceOrientations_iPad = "UIInterfaceOrientationPortrait UIInterfaceOrientationPortraitUpsideDown UIInterfaceOrientationLandscapeLeft UIInterfaceOrientationLandscapeRight";
				INFOPLIST_KEY_UISupportedInterfaceOrientations_iPhone = "UIInterfaceOrientationPortrait UIInterfaceOrientationLandscapeLeft UIInterfaceOrientationLandscapeRight";
				IPHONEOS_DEPLOYMENT_TARGET = 15.0;
				LD_RUNPATH_SEARCH_PATHS = (
					"$(inherited)",
					"@executable_path/Frameworks",
				);
				MARKETING_VERSION = 1.0;
				PRODUCT_BUNDLE_IDENTIFIER = "xyz.jeboira.math-game";
				PRODUCT_NAME = "$(TARGET_NAME)";
				PROVISIONING_PROFILE_SPECIFIER = "";
				SWIFT_EMIT_LOC_STRINGS = YES;
				SWIFT_VERSION = 5.0;
				TARGETED_DEVICE_FAMILY = "1,2";
			};
			name = Debug;
		};
		10F800962AB656EA00EFF4C9 /* Release */ = {
			isa = XCBuildConfiguration;
			buildSettings = {
				ASSETCATALOG_COMPILER_APPICON_NAME = AppIcon;
				ASSETCATALOG_COMPILER_GLOBAL_ACCENT_COLOR_NAME = AccentColor;
				CODE_SIGN_IDENTITY = "Apple Development";
				CODE_SIGN_STYLE = Automatic;
				CURRENT_PROJECT_VERSION = 1;
				DEVELOPMENT_ASSET_PATHS = "\"math-game/Preview Content\"";
				DEVELOPMENT_TEAM = M55Z7B4LB3;
				ENABLE_PREVIEWS = YES;
				GENERATE_INFOPLIST_FILE = YES;
				INFOPLIST_KEY_CFBundleDisplayName = Zetamac;
				INFOPLIST_KEY_LSApplicationCategoryType = "public.app-category.games";
				INFOPLIST_KEY_UIApplicationSceneManifest_Generation = YES;
				INFOPLIST_KEY_UIApplicationSupportsIndirectInputEvents = YES;
				INFOPLIST_KEY_UILaunchScreen_Generation = YES;
				INFOPLIST_KEY_UISupportedInterfaceOrientations_iPad = "UIInterfaceOrientationPortrait UIInterfaceOrientationPortraitUpsideDown UIInterfaceOrientationLandscapeLeft UIInterfaceOrientationLandscapeRight";
				INFOPLIST_KEY_UISupportedInterfaceOrientations_iPhone = "UIInterfaceOrientationPortrait UIInterfaceOrientationLandscapeLeft UIInterfaceOrientationLandscapeRight";
				IPHONEOS_DEPLOYMENT_TARGET = 15.0;
				LD_RUNPATH_SEARCH_PATHS = (
					"$(inherited)",
					"@executable_path/Frameworks",
				);
				MARKETING_VERSION = 1.0;
				PRODUCT_BUNDLE_IDENTIFIER = "xyz.jeboira.math-game";
				PRODUCT_NAME = "$(TARGET_NAME)";
				PROVISIONING_PROFILE_SPECIFIER = "";
				SWIFT_EMIT_LOC_STRINGS = YES;
				SWIFT_VERSION = 5.0;
				TARGETED_DEVICE_FAMILY = "1,2";
			};
			name = Release;
		};
		10F800982AB656EA00EFF4C9 /* Debug */ = {
			isa = XCBuildConfiguration;
			buildSettings = {
				ALWAYS_EMBED_SWIFT_STANDARD_LIBRARIES = YES;
				BUNDLE_LOADER = "$(TEST_HOST)";
				CODE_SIGN_STYLE = Automatic;
				CURRENT_PROJECT_VERSION = 1;
				DEVELOPMENT_TEAM = M55Z7B4LB3;
				GENERATE_INFOPLIST_FILE = YES;
				IPHONEOS_DEPLOYMENT_TARGET = 16.4;
				MARKETING_VERSION = 1.0;
				PRODUCT_BUNDLE_IDENTIFIER = "xyz.jeboira.math-gameTests";
				PRODUCT_NAME = "$(TARGET_NAME)";
				SWIFT_EMIT_LOC_STRINGS = NO;
				SWIFT_VERSION = 5.0;
				TARGETED_DEVICE_FAMILY = "1,2";
				TEST_HOST = "$(BUILT_PRODUCTS_DIR)/math-game.app/$(BUNDLE_EXECUTABLE_FOLDER_PATH)/math-game";
			};
			name = Debug;
		};
		10F800992AB656EA00EFF4C9 /* Release */ = {
			isa = XCBuildConfiguration;
			buildSettings = {
				ALWAYS_EMBED_SWIFT_STANDARD_LIBRARIES = YES;
				BUNDLE_LOADER = "$(TEST_HOST)";
				CODE_SIGN_STYLE = Automatic;
				CURRENT_PROJECT_VERSION = 1;
				DEVELOPMENT_TEAM = M55Z7B4LB3;
				GENERATE_INFOPLIST_FILE = YES;
				IPHONEOS_DEPLOYMENT_TARGET = 16.4;
				MARKETING_VERSION = 1.0;
				PRODUCT_BUNDLE_IDENTIFIER = "xyz.jeboira.math-gameTests";
				PRODUCT_NAME = "$(TARGET_NAME)";
				SWIFT_EMIT_LOC_STRINGS = NO;
				SWIFT_VERSION = 5.0;
				TARGETED_DEVICE_FAMILY = "1,2";
				TEST_HOST = "$(BUILT_PRODUCTS_DIR)/math-game.app/$(BUNDLE_EXECUTABLE_FOLDER_PATH)/math-game";
			};
			name = Release;
		};
		10F8009B2AB656EA00EFF4C9 /* Debug */ = {
			isa = XCBuildConfiguration;
			buildSettings = {
				ALWAYS_EMBED_SWIFT_STANDARD_LIBRARIES = YES;
				CODE_SIGN_STYLE = Automatic;
				CURRENT_PROJECT_VERSION = 1;
				DEVELOPMENT_TEAM = M55Z7B4LB3;
				GENERATE_INFOPLIST_FILE = YES;
				MARKETING_VERSION = 1.0;
				PRODUCT_BUNDLE_IDENTIFIER = "xyz.jeboira.math-gameUITests";
				PRODUCT_NAME = "$(TARGET_NAME)";
				SWIFT_EMIT_LOC_STRINGS = NO;
				SWIFT_VERSION = 5.0;
				TARGETED_DEVICE_FAMILY = "1,2";
				TEST_TARGET_NAME = "math-game";
			};
			name = Debug;
		};
		10F8009C2AB656EA00EFF4C9 /* Release */ = {
			isa = XCBuildConfiguration;
			buildSettings = {
				ALWAYS_EMBED_SWIFT_STANDARD_LIBRARIES = YES;
				CODE_SIGN_STYLE = Automatic;
				CURRENT_PROJECT_VERSION = 1;
				DEVELOPMENT_TEAM = M55Z7B4LB3;
				GENERATE_INFOPLIST_FILE = YES;
				MARKETING_VERSION = 1.0;
				PRODUCT_BUNDLE_IDENTIFIER = "xyz.jeboira.math-gameUITests";
				PRODUCT_NAME = "$(TARGET_NAME)";
				SWIFT_EMIT_LOC_STRINGS = NO;
				SWIFT_VERSION = 5.0;
				TARGETED_DEVICE_FAMILY = "1,2";
				TEST_TARGET_NAME = "math-game";
			};
			name = Release;
		};
/* End XCBuildConfiguration section */

/* Begin XCConfigurationList section */
		10F8006B2AB656E900EFF4C9 /* Build configuration list for PBXProject "math-game" */ = {
			isa = XCConfigurationList;
			buildConfigurations = (
				10F800922AB656EA00EFF4C9 /* Debug */,
				10F800932AB656EA00EFF4C9 /* Release */,
			);
			defaultConfigurationIsVisible = 0;
			defaultConfigurationName = Release;
		};
		10F800942AB656EA00EFF4C9 /* Build configuration list for PBXNativeTarget "math-game" */ = {
			isa = XCConfigurationList;
			buildConfigurations = (
				10F800952AB656EA00EFF4C9 /* Debug */,
				10F800962AB656EA00EFF4C9 /* Release */,
			);
			defaultConfigurationIsVisible = 0;
			defaultConfigurationName = Release;
		};
		10F800972AB656EA00EFF4C9 /* Build configuration list for PBXNativeTarget "math-gameTests" */ = {
			isa = XCConfigurationList;
			buildConfigurations = (
				10F800982AB656EA00EFF4C9 /* Debug */,
				10F800992AB656EA00EFF4C9 /* Release */,
			);
			defaultConfigurationIsVisible = 0;
			defaultConfigurationName = Release;
		};
		10F8009A2AB656EA00EFF4C9 /* Build configuration list for PBXNativeTarget "math-gameUITests" */ = {
			isa = XCConfigurationList;
			buildConfigurations = (
				10F8009B2AB656EA00EFF4C9 /* Debug */,
				10F8009C2AB656EA00EFF4C9 /* Release */,
			);
			defaultConfigurationIsVisible = 0;
			defaultConfigurationName = Release;
		};
/* End XCConfigurationList section */
	};
	rootObject = 10F800682AB656E900EFF4C9 /* Project object */;
}
